
Microsoft Visual Studio Solution File, Format Version 12.00
# Visual Studio Version 16
VisualStudioVersion = 16.0.29215.179
MinimumVisualStudioVersion = 10.0.40219.1
Project("{FAE04EC0-301F-11D3-BF4B-00C04F79EFBC}") = "File_system_coursework", "File_system\File_system_coursework.csproj", "{F6FE09DC-AFA2-446A-96F1-974E5A920247}"
EndProject
Global
	GlobalSection(SolutionConfigurationPlatforms) = preSolution
		Debug|Any CPU = Debug|Any CPU
		Release|Any CPU = Release|Any CPU
	EndGlobalSection
	GlobalSection(ProjectConfigurationPlatforms) = postSolution
		{F6FE09DC-AFA2-446A-96F1-974E5A920247}.Debug|Any CPU.ActiveCfg = Debug|Any CPU
		{F6FE09DC-AFA2-446A-96F1-974E5A920247}.Debug|Any CPU.Build.0 = Debug|Any CPU
		{F6FE09DC-AFA2-446A-96F1-974E5A920247}.Release|Any CPU.ActiveCfg = Release|Any CPU
		{F6FE09DC-AFA2-446A-96F1-974E5A920247}.Release|Any CPU.Build.0 = Release|Any CPU
	EndGlobalSection
	GlobalSection(SolutionProperties) = preSolution
		HideSolutionNode = FALSE
	EndGlobalSection
	GlobalSection(ExtensibilityGlobals) = postSolution
		SolutionGuid = {3935C096-BDA0-4A2D-8BD2-01E84B42CD11}
	EndGlobalSection
EndGlobal
